
Microsoft Visual Studio Solution File, Format Version 12.00
# Visual Studio Version 17
VisualStudioVersion = 17.7.34003.232
MinimumVisualStudioVersion = 10.0.40219.1
Project("{FAE04EC0-301F-11D3-BF4B-00C04F79EFBC}") = "Soa-MoralesZapata.webApi.ssl", "Soa-MoralesZapata.webApi.ssl\Soa-MoralesZapata.webApi.ssl.csproj", "{46B5332C-26AC-4DD6-83F3-35AE8F75FB6F}"
EndProject
Project("{FAE04EC0-301F-11D3-BF4B-00C04F79EFBC}") = "Soa-MoralesZapata.model", "Soa-MoralesZapata.model\Soa-MoralesZapata.model.csproj", "{B4AE4538-C859-492E-B33B-498E51FFE18B}"
EndProject
Project("{FAE04EC0-301F-11D3-BF4B-00C04F79EFBC}") = "Soa-MoralesZapata.webApi.sinSsl", "Soa-MoralesZapata.webApi.sinSsl\Soa-MoralesZapata.webApi.sinSsl.csproj", "{A386996B-903C-4461-AB86-7050E4C8BF55}"
EndProject
Global
	GlobalSection(SolutionConfigurationPlatforms) = preSolution
		Debug|Any CPU = Debug|Any CPU
		Release|Any CPU = Release|Any CPU
	EndGlobalSection
	GlobalSection(ProjectConfigurationPlatforms) = postSolution
		{46B5332C-26AC-4DD6-83F3-35AE8F75FB6F}.Debug|Any CPU.ActiveCfg = Debug|Any CPU
		{46B5332C-26AC-4DD6-83F3-35AE8F75FB6F}.Debug|Any CPU.Build.0 = Debug|Any CPU
		{46B5332C-26AC-4DD6-83F3-35AE8F75FB6F}.Release|Any CPU.ActiveCfg = Release|Any CPU
		{46B5332C-26AC-4DD6-83F3-35AE8F75FB6F}.Release|Any CPU.Build.0 = Release|Any CPU
		{B4AE4538-C859-492E-B33B-498E51FFE18B}.Debug|Any CPU.ActiveCfg = Debug|Any CPU
		{B4AE4538-C859-492E-B33B-498E51FFE18B}.Debug|Any CPU.Build.0 = Debug|Any CPU
		{B4AE4538-C859-492E-B33B-498E51FFE18B}.Release|Any CPU.ActiveCfg = Release|Any CPU
		{B4AE4538-C859-492E-B33B-498E51FFE18B}.Release|Any CPU.Build.0 = Release|Any CPU
		{A386996B-903C-4461-AB86-7050E4C8BF55}.Debug|Any CPU.ActiveCfg = Debug|Any CPU
		{A386996B-903C-4461-AB86-7050E4C8BF55}.Debug|Any CPU.Build.0 = Debug|Any CPU
		{A386996B-903C-4461-AB86-7050E4C8BF55}.Release|Any CPU.ActiveCfg = Release|Any CPU
		{A386996B-903C-4461-AB86-7050E4C8BF55}.Release|Any CPU.Build.0 = Release|Any CPU
	EndGlobalSection
	GlobalSection(SolutionProperties) = preSolution
		HideSolutionNode = FALSE
	EndGlobalSection
	GlobalSection(ExtensibilityGlobals) = postSolution
		SolutionGuid = {EDCFEDF0-DFB2-476C-A23B-FE20277F69DE}
	EndGlobalSection
EndGlobal
